
Microsoft Visual Studio Solution File, Format Version 12.00
# Visual Studio 15
VisualStudioVersion = 15.0.28307.271
MinimumVisualStudioVersion = 10.0.40219.1
Project("{FAE04EC0-301F-11D3-BF4B-00C04F79EFBC}") = "WebApplication", "WebApplication\WebApplication.csproj", "{912034B9-44ED-4EC6-831B-D0D39F5F0AB3}"
EndProject
Global
	GlobalSection(SolutionConfigurationPlatforms) = preSolution
		Debug|Any CPU = Debug|Any CPU
		Release|Any CPU = Release|Any CPU
	EndGlobalSection
	GlobalSection(ProjectConfigurationPlatforms) = postSolution
		{912034B9-44ED-4EC6-831B-D0D39F5F0AB3}.Debug|Any CPU.ActiveCfg = Debug|Any CPU
		{912034B9-44ED-4EC6-831B-D0D39F5F0AB3}.Debug|Any CPU.Build.0 = Debug|Any CPU
		{912034B9-44ED-4EC6-831B-D0D39F5F0AB3}.Release|Any CPU.ActiveCfg = Release|Any CPU
		{912034B9-44ED-4EC6-831B-D0D39F5F0AB3}.Release|Any CPU.Build.0 = Release|Any CPU
	EndGlobalSection
	GlobalSection(SolutionProperties) = preSolution
		HideSolutionNode = FALSE
	EndGlobalSection
	GlobalSection(ExtensibilityGlobals) = postSolution
		SolutionGuid = {A6C0D442-82C9-415D-B6CE-4A1FC93A601E}
	EndGlobalSection
EndGlobal
